
Microsoft Visual Studio Solution File, Format Version 12.00
# Visual Studio Version 17
VisualStudioVersion = 17.14.36518.9
MinimumVisualStudioVersion = 10.0.40219.1
Project("{FAE04EC0-301F-11D3-BF4B-00C04F79EFBC}") = "CarBrowser", "CarBrowser\CarBrowser.csproj", "{47644EBC-7416-47DF-A2D4-43814BFC65AA}"
EndProject
Project("{FAE04EC0-301F-11D3-BF4B-00C04F79EFBC}") = "CarGate", "CarGate\CarGate.csproj", "{E8BB9213-2DC4-33E5-D3C2-101DDFDA2B75}"
EndProject
Project("{FAE04EC0-301F-11D3-BF4B-00C04F79EFBC}") = "CarLibrary", "CarLibrary\CarLibrary.csproj", "{31632F66-4DAA-4648-8CF4-F4138E0C4C43}"
EndProject
Global
	GlobalSection(SolutionConfigurationPlatforms) = preSolution
		Debug|Any CPU = Debug|Any CPU
		Release|Any CPU = Release|Any CPU
	EndGlobalSection
	GlobalSection(ProjectConfigurationPlatforms) = postSolution
		{47644EBC-7416-47DF-A2D4-43814BFC65AA}.Debug|Any CPU.ActiveCfg = Debug|Any CPU
		{47644EBC-7416-47DF-A2D4-43814BFC65AA}.Debug|Any CPU.Build.0 = Debug|Any CPU
		{47644EBC-7416-47DF-A2D4-43814BFC65AA}.Release|Any CPU.ActiveCfg = Release|Any CPU
		{47644EBC-7416-47DF-A2D4-43814BFC65AA}.Release|Any CPU.Build.0 = Release|Any CPU
		{E8BB9213-2DC4-33E5-D3C2-101DDFDA2B75}.Debug|Any CPU.ActiveCfg = Debug|Any CPU
		{E8BB9213-2DC4-33E5-D3C2-101DDFDA2B75}.Debug|Any CPU.Build.0 = Debug|Any CPU
		{E8BB9213-2DC4-33E5-D3C2-101DDFDA2B75}.Release|Any CPU.ActiveCfg = Release|Any CPU
		{E8BB9213-2DC4-33E5-D3C2-101DDFDA2B75}.Release|Any CPU.Build.0 = Release|Any CPU
		{31632F66-4DAA-4648-8CF4-F4138E0C4C43}.Debug|Any CPU.ActiveCfg = Debug|Any CPU
		{31632F66-4DAA-4648-8CF4-F4138E0C4C43}.Debug|Any CPU.Build.0 = Debug|Any CPU
		{31632F66-4DAA-4648-8CF4-F4138E0C4C43}.Release|Any CPU.ActiveCfg = Release|Any CPU
		{31632F66-4DAA-4648-8CF4-F4138E0C4C43}.Release|Any CPU.Build.0 = Release|Any CPU
	EndGlobalSection
	GlobalSection(SolutionProperties) = preSolution
		HideSolutionNode = FALSE
	EndGlobalSection
	GlobalSection(ExtensibilityGlobals) = postSolution
		SolutionGuid = {03F967F2-8EEF-41A3-AE2B-22E8EEDAD79F}
	EndGlobalSection
EndGlobal
